// !$*UTF8*$!
{
	archiveVersion = 1;
	classes = {
	};
	objectVersion = 56;
	objects = {

/* Begin PBXBuildFile section */
		A9238C6B2A61B72400DB7284 /* StartDayButton.swift in Sources */ = {isa = PBXBuildFile; fileRef = A9238C6A2A61B72400DB7284 /* StartDayButton.swift */; };
		A9238C6D2A61B87100DB7284 /* AddTaskButton.swift in Sources */ = {isa = PBXBuildFile; fileRef = A9238C6C2A61B87100DB7284 /* AddTaskButton.swift */; };
		A9238C6F2A61FDBD00DB7284 /* ExclamationRatingView.swift in Sources */ = {isa = PBXBuildFile; fileRef = A9238C6E2A61FDBD00DB7284 /* ExclamationRatingView.swift */; };
		A933DEAB2A4795DF00310EC6 /* EditItemView.swift in Sources */ = {isa = PBXBuildFile; fileRef = A933DEAA2A4795DF00310EC6 /* EditItemView.swift */; };
		A9424F0C2A58C5B600798381 /* ButtonView.swift in Sources */ = {isa = PBXBuildFile; fileRef = A9424F0B2A58C5B600798381 /* ButtonView.swift */; };
		A94584672A48FC5200573545 /* OpeningView.swift in Sources */ = {isa = PBXBuildFile; fileRef = A94584662A48FC5200573545 /* OpeningView.swift */; };
		A94584692A4901C500573545 /* UserModel.swift in Sources */ = {isa = PBXBuildFile; fileRef = A94584682A4901C500573545 /* UserModel.swift */; };
		A945846B2A49025D00573545 /* UserViewModel.swift in Sources */ = {isa = PBXBuildFile; fileRef = A945846A2A49025D00573545 /* UserViewModel.swift */; };
		A945846F2A4908AC00573545 /* SettingsView.swift in Sources */ = {isa = PBXBuildFile; fileRef = A945846E2A4908AC00573545 /* SettingsView.swift */; };
		A94584712A493A3900573545 /* StatisticsView.swift in Sources */ = {isa = PBXBuildFile; fileRef = A94584702A493A3900573545 /* StatisticsView.swift */; };
		A949E0152A64A2CD0085D0CE /* TaskInfo.swift in Sources */ = {isa = PBXBuildFile; fileRef = A949E0142A64A2CC0085D0CE /* TaskInfo.swift */; };
		A959CAE92A4FB84B007392D0 /* ScoreModel.swift in Sources */ = {isa = PBXBuildFile; fileRef = A959CAE82A4FB84B007392D0 /* ScoreModel.swift */; };
		A959CAEB2A4FB96C007392D0 /* ScoreViewModel.swift in Sources */ = {isa = PBXBuildFile; fileRef = A959CAEA2A4FB96C007392D0 /* ScoreViewModel.swift */; };
		A95E66FE2A4255780027D467 /* TodoListApp.swift in Sources */ = {isa = PBXBuildFile; fileRef = A95E66FD2A4255780027D467 /* TodoListApp.swift */; };
		A95E67022A4255790027D467 /* Assets.xcassets in Resources */ = {isa = PBXBuildFile; fileRef = A95E67012A4255790027D467 /* Assets.xcassets */; };
		A95E67062A4255790027D467 /* Preview Assets.xcassets in Resources */ = {isa = PBXBuildFile; fileRef = A95E67052A4255790027D467 /* Preview Assets.xcassets */; };
		A95E670E2A4257A10027D467 /* ListView.swift in Sources */ = {isa = PBXBuildFile; fileRef = A95E670D2A4257A10027D467 /* ListView.swift */; };
		A95E67102A4258DA0027D467 /* ListRowView.swift in Sources */ = {isa = PBXBuildFile; fileRef = A95E670F2A4258DA0027D467 /* ListRowView.swift */; };
		A95E67122A425A1F0027D467 /* AddView.swift in Sources */ = {isa = PBXBuildFile; fileRef = A95E67112A425A1F0027D467 /* AddView.swift */; };
		A95E67162A43A6AD0027D467 /* ItemModel.swift in Sources */ = {isa = PBXBuildFile; fileRef = A95E67152A43A6AD0027D467 /* ItemModel.swift */; };
		A95E671B2A43AE560027D467 /* ListViewModel.swift in Sources */ = {isa = PBXBuildFile; fileRef = A95E671A2A43AE560027D467 /* ListViewModel.swift */; };
		A95E671D2A43D4BB0027D467 /* NoItemsView.swift in Sources */ = {isa = PBXBuildFile; fileRef = A95E671C2A43D4BB0027D467 /* NoItemsView.swift */; };
		A96CFF622A5C9D5B00E809F1 /* OpeningVieww.swift in Sources */ = {isa = PBXBuildFile; fileRef = A96CFF612A5C9D5B00E809F1 /* OpeningVieww.swift */; };
		A9BE502E2A51EC5500885641 /* TabSelection.swift in Sources */ = {isa = PBXBuildFile; fileRef = A9BE502D2A51EC5500885641 /* TabSelection.swift */; };
		A9BE50302A51ECE000885641 /* FullListView.swift in Sources */ = {isa = PBXBuildFile; fileRef = A9BE502F2A51ECE000885641 /* FullListView.swift */; };
		A9CB88E82A5A1A4500EF2E37 /* GlobalData.swift in Sources */ = {isa = PBXBuildFile; fileRef = A9CB88E72A5A1A4500EF2E37 /* GlobalData.swift */; };
		A9CB88EA2A5A2D4A00EF2E37 /* ShareLinkView.swift in Sources */ = {isa = PBXBuildFile; fileRef = A9CB88E92A5A2D4A00EF2E37 /* ShareLinkView.swift */; };
		A9CB88EC2A5A464300EF2E37 /* LogoView.swift in Sources */ = {isa = PBXBuildFile; fileRef = A9CB88EB2A5A464300EF2E37 /* LogoView.swift */; };
		A9CB88EE2A5A4B5200EF2E37 /* Color+Extension.swift in Sources */ = {isa = PBXBuildFile; fileRef = A9CB88ED2A5A4B5200EF2E37 /* Color+Extension.swift */; };
		A9CB88F52A5B39B900EF2E37 /* sound.mp3 in Resources */ = {isa = PBXBuildFile; fileRef = A9CB88F42A5B39B900EF2E37 /* sound.mp3 */; };
		A9CB88F72A5B425800EF2E37 /* SoundManager.swift in Sources */ = {isa = PBXBuildFile; fileRef = A9CB88F62A5B425800EF2E37 /* SoundManager.swift */; };
		A9CB88FB2A5B715100EF2E37 /* TimeLineView.swift in Sources */ = {isa = PBXBuildFile; fileRef = A9CB88FA2A5B715100EF2E37 /* TimeLineView.swift */; };
/* End PBXBuildFile section */

/* Begin PBXFileReference section */
		A9238C6A2A61B72400DB7284 /* StartDayButton.swift */ = {isa = PBXFileReference; lastKnownFileType = sourcecode.swift; path = StartDayButton.swift; sourceTree = "<group>"; };
		A9238C6C2A61B87100DB7284 /* AddTaskButton.swift */ = {isa = PBXFileReference; lastKnownFileType = sourcecode.swift; path = AddTaskButton.swift; sourceTree = "<group>"; };
		A9238C6E2A61FDBD00DB7284 /* ExclamationRatingView.swift */ = {isa = PBXFileReference; lastKnownFileType = sourcecode.swift; path = ExclamationRatingView.swift; sourceTree = "<group>"; };
		A933DEAA2A4795DF00310EC6 /* EditItemView.swift */ = {isa = PBXFileReference; lastKnownFileType = sourcecode.swift; path = EditItemView.swift; sourceTree = "<group>"; };
		A9424F0B2A58C5B600798381 /* ButtonView.swift */ = {isa = PBXFileReference; lastKnownFileType = sourcecode.swift; path = ButtonView.swift; sourceTree = "<group>"; };
		A94584662A48FC5200573545 /* OpeningView.swift */ = {isa = PBXFileReference; lastKnownFileType = sourcecode.swift; path = OpeningView.swift; sourceTree = "<group>"; };
		A94584682A4901C500573545 /* UserModel.swift */ = {isa = PBXFileReference; lastKnownFileType = sourcecode.swift; path = UserModel.swift; sourceTree = "<group>"; };
		A945846A2A49025D00573545 /* UserViewModel.swift */ = {isa = PBXFileReference; lastKnownFileType = sourcecode.swift; path = UserViewModel.swift; sourceTree = "<group>"; };
		A945846E2A4908AC00573545 /* SettingsView.swift */ = {isa = PBXFileReference; lastKnownFileType = sourcecode.swift; path = SettingsView.swift; sourceTree = "<group>"; };
		A94584702A493A3900573545 /* StatisticsView.swift */ = {isa = PBXFileReference; lastKnownFileType = sourcecode.swift; path = StatisticsView.swift; sourceTree = "<group>"; };
		A949E0142A64A2CC0085D0CE /* TaskInfo.swift */ = {isa = PBXFileReference; lastKnownFileType = sourcecode.swift; path = TaskInfo.swift; sourceTree = "<group>"; };
		A959CAE82A4FB84B007392D0 /* ScoreModel.swift */ = {isa = PBXFileReference; lastKnownFileType = sourcecode.swift; path = ScoreModel.swift; sourceTree = "<group>"; };
		A959CAEA2A4FB96C007392D0 /* ScoreViewModel.swift */ = {isa = PBXFileReference; lastKnownFileType = sourcecode.swift; path = ScoreViewModel.swift; sourceTree = "<group>"; };
		A95E66FA2A4255780027D467 /* TodoList.app */ = {isa = PBXFileReference; explicitFileType = wrapper.application; includeInIndex = 0; path = TodoList.app; sourceTree = BUILT_PRODUCTS_DIR; };
		A95E66FD2A4255780027D467 /* TodoListApp.swift */ = {isa = PBXFileReference; lastKnownFileType = sourcecode.swift; path = TodoListApp.swift; sourceTree = "<group>"; };
		A95E67012A4255790027D467 /* Assets.xcassets */ = {isa = PBXFileReference; lastKnownFileType = folder.assetcatalog; path = Assets.xcassets; sourceTree = "<group>"; };
		A95E67032A4255790027D467 /* TodoList.entitlements */ = {isa = PBXFileReference; lastKnownFileType = text.plist.entitlements; path = TodoList.entitlements; sourceTree = "<group>"; };
		A95E67052A4255790027D467 /* Preview Assets.xcassets */ = {isa = PBXFileReference; lastKnownFileType = folder.assetcatalog; path = "Preview Assets.xcassets"; sourceTree = "<group>"; };
		A95E670D2A4257A10027D467 /* ListView.swift */ = {isa = PBXFileReference; lastKnownFileType = sourcecode.swift; path = ListView.swift; sourceTree = "<group>"; };
		A95E670F2A4258DA0027D467 /* ListRowView.swift */ = {isa = PBXFileReference; lastKnownFileType = sourcecode.swift; path = ListRowView.swift; sourceTree = "<group>"; };
		A95E67112A425A1F0027D467 /* AddView.swift */ = {isa = PBXFileReference; lastKnownFileType = sourcecode.swift; path = AddView.swift; sourceTree = "<group>"; };
		A95E67152A43A6AD0027D467 /* ItemModel.swift */ = {isa = PBXFileReference; lastKnownFileType = sourcecode.swift; path = ItemModel.swift; sourceTree = "<group>"; };
		A95E671A2A43AE560027D467 /* ListViewModel.swift */ = {isa = PBXFileReference; lastKnownFileType = sourcecode.swift; path = ListViewModel.swift; sourceTree = "<group>"; };
		A95E671C2A43D4BB0027D467 /* NoItemsView.swift */ = {isa = PBXFileReference; lastKnownFileType = sourcecode.swift; path = NoItemsView.swift; sourceTree = "<group>"; };
		A95E67202A43E38B0027D467 /* Info.plist */ = {isa = PBXFileReference; lastKnownFileType = text.plist; path = Info.plist; sourceTree = "<group>"; };
		A96CFF612A5C9D5B00E809F1 /* OpeningVieww.swift */ = {isa = PBXFileReference; lastKnownFileType = sourcecode.swift; path = OpeningVieww.swift; sourceTree = "<group>"; };
		A9BE502D2A51EC5500885641 /* TabSelection.swift */ = {isa = PBXFileReference; lastKnownFileType = sourcecode.swift; path = TabSelection.swift; sourceTree = "<group>"; };
		A9BE502F2A51ECE000885641 /* FullListView.swift */ = {isa = PBXFileReference; lastKnownFileType = sourcecode.swift; path = FullListView.swift; sourceTree = "<group>"; };
		A9CB88E72A5A1A4500EF2E37 /* GlobalData.swift */ = {isa = PBXFileReference; lastKnownFileType = sourcecode.swift; path = GlobalData.swift; sourceTree = "<group>"; };
		A9CB88E92A5A2D4A00EF2E37 /* ShareLinkView.swift */ = {isa = PBXFileReference; lastKnownFileType = sourcecode.swift; path = ShareLinkView.swift; sourceTree = "<group>"; };
		A9CB88EB2A5A464300EF2E37 /* LogoView.swift */ = {isa = PBXFileReference; lastKnownFileType = sourcecode.swift; path = LogoView.swift; sourceTree = "<group>"; };
		A9CB88ED2A5A4B5200EF2E37 /* Color+Extension.swift */ = {isa = PBXFileReference; lastKnownFileType = sourcecode.swift; path = "Color+Extension.swift"; sourceTree = "<group>"; };
		A9CB88F42A5B39B900EF2E37 /* sound.mp3 */ = {isa = PBXFileReference; lastKnownFileType = audio.mp3; path = sound.mp3; sourceTree = "<group>"; };
		A9CB88F62A5B425800EF2E37 /* SoundManager.swift */ = {isa = PBXFileReference; lastKnownFileType = sourcecode.swift; path = SoundManager.swift; sourceTree = "<group>"; };
		A9CB88FA2A5B715100EF2E37 /* TimeLineView.swift */ = {isa = PBXFileReference; lastKnownFileType = sourcecode.swift; path = TimeLineView.swift; sourceTree = "<group>"; };
/* End PBXFileReference section */

/* Begin PBXFrameworksBuildPhase section */
		A95E66F72A4255780027D467 /* Frameworks */ = {
			isa = PBXFrameworksBuildPhase;
			buildActionMask = 2147483647;
			files = (
			);
			runOnlyForDeploymentPostprocessing = 0;
		};
/* End PBXFrameworksBuildPhase section */

/* Begin PBXGroup section */
		A95E66F12A4255780027D467 = {
			isa = PBXGroup;
			children = (
				A95E66FC2A4255780027D467 /* TodoList */,
				A95E66FB2A4255780027D467 /* Products */,
			);
			sourceTree = "<group>";
		};
		A95E66FB2A4255780027D467 /* Products */ = {
			isa = PBXGroup;
			children = (
				A95E66FA2A4255780027D467 /* TodoList.app */,
			);
			name = Products;
			sourceTree = "<group>";
		};
		A95E66FC2A4255780027D467 /* TodoList */ = {
			isa = PBXGroup;
			children = (
				A9CB88F32A5B399900EF2E37 /* Sounds */,
				A9BE502C2A51EC3B00885641 /* Other */,
				A95E67202A43E38B0027D467 /* Info.plist */,
				A95E66FD2A4255780027D467 /* TodoListApp.swift */,
				A95E67172A43ADF80027D467 /* ViewModels */,
				A95E67142A43A6950027D467 /* Models */,
				A95E670C2A4257850027D467 /* Views */,
				A95E67012A4255790027D467 /* Assets.xcassets */,
				A95E67032A4255790027D467 /* TodoList.entitlements */,
				A95E67042A4255790027D467 /* Preview Content */,
			);
			path = TodoList;
			sourceTree = "<group>";
		};
		A95E67042A4255790027D467 /* Preview Content */ = {
			isa = PBXGroup;
			children = (
				A95E67052A4255790027D467 /* Preview Assets.xcassets */,
			);
			path = "Preview Content";
			sourceTree = "<group>";
		};
		A95E670C2A4257850027D467 /* Views */ = {
			isa = PBXGroup;
			children = (
				A95E670D2A4257A10027D467 /* ListView.swift */,
				A9CB88E92A5A2D4A00EF2E37 /* ShareLinkView.swift */,
				A9424F0B2A58C5B600798381 /* ButtonView.swift */,
				A9238C6A2A61B72400DB7284 /* StartDayButton.swift */,
				A9238C6C2A61B87100DB7284 /* AddTaskButton.swift */,
				A94584702A493A3900573545 /* StatisticsView.swift */,
				A945846E2A4908AC00573545 /* SettingsView.swift */,
				A94584662A48FC5200573545 /* OpeningView.swift */,
				A96CFF612A5C9D5B00E809F1 /* OpeningVieww.swift */,
				A95E671C2A43D4BB0027D467 /* NoItemsView.swift */,
				A95E670F2A4258DA0027D467 /* ListRowView.swift */,
				A95E67112A425A1F0027D467 /* AddView.swift */,
				A933DEAA2A4795DF00310EC6 /* EditItemView.swift */,
				A9BE502F2A51ECE000885641 /* FullListView.swift */,
				A9CB88FA2A5B715100EF2E37 /* TimeLineView.swift */,
				A9CB88EB2A5A464300EF2E37 /* LogoView.swift */,
				A9238C6E2A61FDBD00DB7284 /* ExclamationRatingView.swift */,
			);
			path = Views;
			sourceTree = "<group>";
		};
		A95E67142A43A6950027D467 /* Models */ = {
			isa = PBXGroup;
			children = (
				A95E67152A43A6AD0027D467 /* ItemModel.swift */,
				A949E0142A64A2CC0085D0CE /* TaskInfo.swift */,
				A959CAE82A4FB84B007392D0 /* ScoreModel.swift */,
				A94584682A4901C500573545 /* UserModel.swift */,
			);
			path = Models;
			sourceTree = "<group>";
		};
		A95E67172A43ADF80027D467 /* ViewModels */ = {
			isa = PBXGroup;
			children = (
				A95E671A2A43AE560027D467 /* ListViewModel.swift */,
				A945846A2A49025D00573545 /* UserViewModel.swift */,
				A959CAEA2A4FB96C007392D0 /* ScoreViewModel.swift */,
			);
			path = ViewModels;
			sourceTree = "<group>";
		};
		A9BE502C2A51EC3B00885641 /* Other */ = {
			isa = PBXGroup;
			children = (
				A9BE502D2A51EC5500885641 /* TabSelection.swift */,
				A9CB88E72A5A1A4500EF2E37 /* GlobalData.swift */,
				A9CB88ED2A5A4B5200EF2E37 /* Color+Extension.swift */,
				A9CB88F62A5B425800EF2E37 /* SoundManager.swift */,
			);
			path = Other;
			sourceTree = "<group>";
		};
		A9CB88F32A5B399900EF2E37 /* Sounds */ = {
			isa = PBXGroup;
			children = (
				A9CB88F42A5B39B900EF2E37 /* sound.mp3 */,
			);
			path = Sounds;
			sourceTree = "<group>";
		};
/* End PBXGroup section */

/* Begin PBXNativeTarget section */
		A95E66F92A4255780027D467 /* TodoList */ = {
			isa = PBXNativeTarget;
			buildConfigurationList = A95E67092A4255790027D467 /* Build configuration list for PBXNativeTarget "TodoList" */;
			buildPhases = (
				A95E66F62A4255780027D467 /* Sources */,
				A95E66F72A4255780027D467 /* Frameworks */,
				A95E66F82A4255780027D467 /* Resources */,
			);
			buildRules = (
			);
			dependencies = (
			);
			name = TodoList;
			productName = TodoList;
			productReference = A95E66FA2A4255780027D467 /* TodoList.app */;
			productType = "com.apple.product-type.application";
		};
/* End PBXNativeTarget section */

/* Begin PBXProject section */
		A95E66F22A4255780027D467 /* Project object */ = {
			isa = PBXProject;
			attributes = {
				BuildIndependentTargetsInParallel = 1;
				LastSwiftUpdateCheck = 1410;
				LastUpgradeCheck = 1410;
				TargetAttributes = {
					A95E66F92A4255780027D467 = {
						CreatedOnToolsVersion = 14.1;
					};
				};
			};
			buildConfigurationList = A95E66F52A4255780027D467 /* Build configuration list for PBXProject "TodoList" */;
			compatibilityVersion = "Xcode 14.0";
			developmentRegion = en;
			hasScannedForEncodings = 0;
			knownRegions = (
				en,
				Base,
			);
			mainGroup = A95E66F12A4255780027D467;
			productRefGroup = A95E66FB2A4255780027D467 /* Products */;
			projectDirPath = "";
			projectRoot = "";
			targets = (
				A95E66F92A4255780027D467 /* TodoList */,
			);
		};
/* End PBXProject section */

/* Begin PBXResourcesBuildPhase section */
		A95E66F82A4255780027D467 /* Resources */ = {
			isa = PBXResourcesBuildPhase;
			buildActionMask = 2147483647;
			files = (
				A95E67062A4255790027D467 /* Preview Assets.xcassets in Resources */,
				A9CB88F52A5B39B900EF2E37 /* sound.mp3 in Resources */,
				A95E67022A4255790027D467 /* Assets.xcassets in Resources */,
			);
			runOnlyForDeploymentPostprocessing = 0;
		};
/* End PBXResourcesBuildPhase section */

/* Begin PBXSourcesBuildPhase section */
		A95E66F62A4255780027D467 /* Sources */ = {
			isa = PBXSourcesBuildPhase;
			buildActionMask = 2147483647;
			files = (
				A95E67162A43A6AD0027D467 /* ItemModel.swift in Sources */,
				A945846B2A49025D00573545 /* UserViewModel.swift in Sources */,
				A959CAE92A4FB84B007392D0 /* ScoreModel.swift in Sources */,
				A95E67122A425A1F0027D467 /* AddView.swift in Sources */,
				A9CB88EC2A5A464300EF2E37 /* LogoView.swift in Sources */,
				A94584692A4901C500573545 /* UserModel.swift in Sources */,
				A9424F0C2A58C5B600798381 /* ButtonView.swift in Sources */,
				A9CB88FB2A5B715100EF2E37 /* TimeLineView.swift in Sources */,
				A9CB88EA2A5A2D4A00EF2E37 /* ShareLinkView.swift in Sources */,
				A95E671B2A43AE560027D467 /* ListViewModel.swift in Sources */,
				A9CB88EE2A5A4B5200EF2E37 /* Color+Extension.swift in Sources */,
				A9238C6D2A61B87100DB7284 /* AddTaskButton.swift in Sources */,
				A959CAEB2A4FB96C007392D0 /* ScoreViewModel.swift in Sources */,
				A94584712A493A3900573545 /* StatisticsView.swift in Sources */,
				A96CFF622A5C9D5B00E809F1 /* OpeningVieww.swift in Sources */,
				A95E66FE2A4255780027D467 /* TodoListApp.swift in Sources */,
				A9CB88F72A5B425800EF2E37 /* SoundManager.swift in Sources */,
				A95E670E2A4257A10027D467 /* ListView.swift in Sources */,
				A9BE50302A51ECE000885641 /* FullListView.swift in Sources */,
				A9BE502E2A51EC5500885641 /* TabSelection.swift in Sources */,
				A949E0152A64A2CD0085D0CE /* TaskInfo.swift in Sources */,
				A933DEAB2A4795DF00310EC6 /* EditItemView.swift in Sources */,
				A95E671D2A43D4BB0027D467 /* NoItemsView.swift in Sources */,
				A9238C6F2A61FDBD00DB7284 /* ExclamationRatingView.swift in Sources */,
				A9238C6B2A61B72400DB7284 /* StartDayButton.swift in Sources */,
				A9CB88E82A5A1A4500EF2E37 /* GlobalData.swift in Sources */,
				A945846F2A4908AC00573545 /* SettingsView.swift in Sources */,
				A95E67102A4258DA0027D467 /* ListRowView.swift in Sources */,
				A94584672A48FC5200573545 /* OpeningView.swift in Sources */,
			);
			runOnlyForDeploymentPostprocessing = 0;
		};
/* End PBXSourcesBuildPhase section */

/* Begin XCBuildConfiguration section */
		A95E67072A4255790027D467 /* Debug */ = {
			isa = XCBuildConfiguration;
			buildSettings = {
				ALWAYS_SEARCH_USER_PATHS = NO;
				CLANG_ANALYZER_NONNULL = YES;
				CLANG_ANALYZER_NUMBER_OBJECT_CONVERSION = YES_AGGRESSIVE;
				CLANG_CXX_LANGUAGE_STANDARD = "gnu++20";
				CLANG_ENABLE_MODULES = YES;
				CLANG_ENABLE_OBJC_ARC = YES;
				CLANG_ENABLE_OBJC_WEAK = YES;
				CLANG_WARN_BLOCK_CAPTURE_AUTORELEASING = YES;
				CLANG_WARN_BOOL_CONVERSION = YES;
				CLANG_WARN_COMMA = YES;
				CLANG_WARN_CONSTANT_CONVERSION = YES;
				CLANG_WARN_DEPRECATED_OBJC_IMPLEMENTATIONS = YES;
				CLANG_WARN_DIRECT_OBJC_ISA_USAGE = YES_ERROR;
				CLANG_WARN_DOCUMENTATION_COMMENTS = YES;
				CLANG_WARN_EMPTY_BODY = YES;
				CLANG_WARN_ENUM_CONVERSION = YES;
				CLANG_WARN_INFINITE_RECURSION = YES;
				CLANG_WARN_INT_CONVERSION = YES;
				CLANG_WARN_NON_LITERAL_NULL_CONVERSION = YES;
				CLANG_WARN_OBJC_IMPLICIT_RETAIN_SELF = YES;
				CLANG_WARN_OBJC_LITERAL_CONVERSION = YES;
				CLANG_WARN_OBJC_ROOT_CLASS = YES_ERROR;
				CLANG_WARN_QUOTED_INCLUDE_IN_FRAMEWORK_HEADER = YES;
				CLANG_WARN_RANGE_LOOP_ANALYSIS = YES;
				CLANG_WARN_STRICT_PROTOTYPES = YES;
				CLANG_WARN_SUSPICIOUS_MOVE = YES;
				CLANG_WARN_UNGUARDED_AVAILABILITY = YES_AGGRESSIVE;
				CLANG_WARN_UNREACHABLE_CODE = YES;
				CLANG_WARN__DUPLICATE_METHOD_MATCH = YES;
				COPY_PHASE_STRIP = NO;
				DEBUG_INFORMATION_FORMAT = dwarf;
				ENABLE_STRICT_OBJC_MSGSEND = YES;
				ENABLE_TESTABILITY = YES;
				GCC_C_LANGUAGE_STANDARD = gnu11;
				GCC_DYNAMIC_NO_PIC = NO;
				GCC_NO_COMMON_BLOCKS = YES;
				GCC_OPTIMIZATION_LEVEL = 0;
				GCC_PREPROCESSOR_DEFINITIONS = (
					"DEBUG=1",
					"$(inherited)",
				);
				GCC_WARN_64_TO_32_BIT_CONVERSION = YES;
				GCC_WARN_ABOUT_RETURN_TYPE = YES_ERROR;
				GCC_WARN_UNDECLARED_SELECTOR = YES;
				GCC_WARN_UNINITIALIZED_AUTOS = YES_AGGRESSIVE;
				GCC_WARN_UNUSED_FUNCTION = YES;
				GCC_WARN_UNUSED_VARIABLE = YES;
				MTL_ENABLE_DEBUG_INFO = INCLUDE_SOURCE;
				MTL_FAST_MATH = YES;
				ONLY_ACTIVE_ARCH = YES;
				SWIFT_ACTIVE_COMPILATION_CONDITIONS = DEBUG;
				SWIFT_OPTIMIZATION_LEVEL = "-Onone";
			};
			name = Debug;
		};
		A95E67082A4255790027D467 /* Release */ = {
			isa = XCBuildConfiguration;
			buildSettings = {
				ALWAYS_SEARCH_USER_PATHS = NO;
				CLANG_ANALYZER_NONNULL = YES;
				CLANG_ANALYZER_NUMBER_OBJECT_CONVERSION = YES_AGGRESSIVE;
				CLANG_CXX_LANGUAGE_STANDARD = "gnu++20";
				CLANG_ENABLE_MODULES = YES;
				CLANG_ENABLE_OBJC_ARC = YES;
				CLANG_ENABLE_OBJC_WEAK = YES;
				CLANG_WARN_BLOCK_CAPTURE_AUTORELEASING = YES;
				CLANG_WARN_BOOL_CONVERSION = YES;
				CLANG_WARN_COMMA = YES;
				CLANG_WARN_CONSTANT_CONVERSION = YES;
				CLANG_WARN_DEPRECATED_OBJC_IMPLEMENTATIONS = YES;
				CLANG_WARN_DIRECT_OBJC_ISA_USAGE = YES_ERROR;
				CLANG_WARN_DOCUMENTATION_COMMENTS = YES;
				CLANG_WARN_EMPTY_BODY = YES;
				CLANG_WARN_ENUM_CONVERSION = YES;
				CLANG_WARN_INFINITE_RECURSION = YES;
				CLANG_WARN_INT_CONVERSION = YES;
				CLANG_WARN_NON_LITERAL_NULL_CONVERSION = YES;
				CLANG_WARN_OBJC_IMPLICIT_RETAIN_SELF = YES;
				CLANG_WARN_OBJC_LITERAL_CONVERSION = YES;
				CLANG_WARN_OBJC_ROOT_CLASS = YES_ERROR;
				CLANG_WARN_QUOTED_INCLUDE_IN_FRAMEWORK_HEADER = YES;
				CLANG_WARN_RANGE_LOOP_ANALYSIS = YES;
				CLANG_WARN_STRICT_PROTOTYPES = YES;
				CLANG_WARN_SUSPICIOUS_MOVE = YES;
				CLANG_WARN_UNGUARDED_AVAILABILITY = YES_AGGRESSIVE;
				CLANG_WARN_UNREACHABLE_CODE = YES;
				CLANG_WARN__DUPLICATE_METHOD_MATCH = YES;
				COPY_PHASE_STRIP = NO;
				DEBUG_INFORMATION_FORMAT = "dwarf-with-dsym";
				ENABLE_NS_ASSERTIONS = NO;
				ENABLE_STRICT_OBJC_MSGSEND = YES;
				GCC_C_LANGUAGE_STANDARD = gnu11;
				GCC_NO_COMMON_BLOCKS = YES;
				GCC_WARN_64_TO_32_BIT_CONVERSION = YES;
				GCC_WARN_ABOUT_RETURN_TYPE = YES_ERROR;
				GCC_WARN_UNDECLARED_SELECTOR = YES;
				GCC_WARN_UNINITIALIZED_AUTOS = YES_AGGRESSIVE;
				GCC_WARN_UNUSED_FUNCTION = YES;
				GCC_WARN_UNUSED_VARIABLE = YES;
				MTL_ENABLE_DEBUG_INFO = NO;
				MTL_FAST_MATH = YES;
				SWIFT_COMPILATION_MODE = wholemodule;
				SWIFT_OPTIMIZATION_LEVEL = "-O";
			};
			name = Release;
		};
		A95E670A2A4255790027D467 /* Debug */ = {
			isa = XCBuildConfiguration;
			buildSettings = {
				ASSETCATALOG_COMPILER_APPICON_NAME = AppIcon;
				ASSETCATALOG_COMPILER_GLOBAL_ACCENT_COLOR_NAME = AccentColor;
				CODE_SIGN_ENTITLEMENTS = TodoList/TodoList.entitlements;
				CODE_SIGN_STYLE = Automatic;
				CURRENT_PROJECT_VERSION = 1;
				DEVELOPMENT_ASSET_PATHS = "\"TodoList/Preview Content\"";
				DEVELOPMENT_TEAM = PMNP5AK8L6;
				ENABLE_HARDENED_RUNTIME = YES;
				ENABLE_PREVIEWS = YES;
				GENERATE_INFOPLIST_FILE = YES;
				INFOPLIST_FILE = TodoList/Info.plist;
				"INFOPLIST_KEY_UIApplicationSceneManifest_Generation[sdk=iphoneos*]" = YES;
				"INFOPLIST_KEY_UIApplicationSceneManifest_Generation[sdk=iphonesimulator*]" = YES;
				"INFOPLIST_KEY_UIApplicationSupportsIndirectInputEvents[sdk=iphoneos*]" = YES;
				"INFOPLIST_KEY_UIApplicationSupportsIndirectInputEvents[sdk=iphonesimulator*]" = YES;
				"INFOPLIST_KEY_UILaunchScreen_Generation[sdk=iphoneos*]" = YES;
				"INFOPLIST_KEY_UILaunchScreen_Generation[sdk=iphonesimulator*]" = YES;
				"INFOPLIST_KEY_UIStatusBarStyle[sdk=iphoneos*]" = UIStatusBarStyleDefault;
				"INFOPLIST_KEY_UIStatusBarStyle[sdk=iphonesimulator*]" = UIStatusBarStyleDefault;
				INFOPLIST_KEY_UISupportedInterfaceOrientations = UIInterfaceOrientationPortrait;
				INFOPLIST_KEY_UISupportedInterfaceOrientations_iPad = "UIInterfaceOrientationLandscapeLeft UIInterfaceOrientationLandscapeRight UIInterfaceOrientationPortrait UIInterfaceOrientationPortraitUpsideDown";
				IPHONEOS_DEPLOYMENT_TARGET = 16.1;
				LD_RUNPATH_SEARCH_PATHS = "@executable_path/Frameworks";
				"LD_RUNPATH_SEARCH_PATHS[sdk=macosx*]" = "@executable_path/../Frameworks";
				MACOSX_DEPLOYMENT_TARGET = 13.0;
				MARKETING_VERSION = 1.0;
				PRODUCT_BUNDLE_IDENTIFIER = berkayIdentifier.TodoList;
				PRODUCT_NAME = "$(TARGET_NAME)";
				SDKROOT = auto;
				SUPPORTED_PLATFORMS = "iphoneos iphonesimulator macosx";
				SWIFT_EMIT_LOC_STRINGS = YES;
				SWIFT_VERSION = 5.0;
				TARGETED_DEVICE_FAMILY = "1,2";
			};
			name = Debug;
		};
		A95E670B2A4255790027D467 /* Release */ = {
			isa = XCBuildConfiguration;
			buildSettings = {
				ASSETCATALOG_COMPILER_APPICON_NAME = AppIcon;
				ASSETCATALOG_COMPILER_GLOBAL_ACCENT_COLOR_NAME = AccentColor;
				CODE_SIGN_ENTITLEMENTS = TodoList/TodoList.entitlements;
				CODE_SIGN_STYLE = Automatic;
				CURRENT_PROJECT_VERSION = 1;
				DEVELOPMENT_ASSET_PATHS = "\"TodoList/Preview Content\"";
				DEVELOPMENT_TEAM = PMNP5AK8L6;
				ENABLE_HARDENED_RUNTIME = YES;
				ENABLE_PREVIEWS = YES;
				GENERATE_INFOPLIST_FILE = YES;
				INFOPLIST_FILE = TodoList/Info.plist;
				"INFOPLIST_KEY_UIApplicationSceneManifest_Generation[sdk=iphoneos*]" = YES;
				"INFOPLIST_KEY_UIApplicationSceneManifest_Generation[sdk=iphonesimulator*]" = YES;
				"INFOPLIST_KEY_UIApplicationSupportsIndirectInputEvents[sdk=iphoneos*]" = YES;
				"INFOPLIST_KEY_UIApplicationSupportsIndirectInputEvents[sdk=iphonesimulator*]" = YES;
				"INFOPLIST_KEY_UILaunchScreen_Generation[sdk=iphoneos*]" = YES;
				"INFOPLIST_KEY_UILaunchScreen_Generation[sdk=iphonesimulator*]" = YES;
				"INFOPLIST_KEY_UIStatusBarStyle[sdk=iphoneos*]" = UIStatusBarStyleDefault;
				"INFOPLIST_KEY_UIStatusBarStyle[sdk=iphonesimulator*]" = UIStatusBarStyleDefault;
				INFOPLIST_KEY_UISupportedInterfaceOrientations = UIInterfaceOrientationPortrait;
				INFOPLIST_KEY_UISupportedInterfaceOrientations_iPad = "UIInterfaceOrientationLandscapeLeft UIInterfaceOrientationLandscapeRight UIInterfaceOrientationPortrait UIInterfaceOrientationPortraitUpsideDown";
				IPHONEOS_DEPLOYMENT_TARGET = 16.1;
				LD_RUNPATH_SEARCH_PATHS = "@executable_path/Frameworks";
				"LD_RUNPATH_SEARCH_PATHS[sdk=macosx*]" = "@executable_path/../Frameworks";
				MACOSX_DEPLOYMENT_TARGET = 13.0;
				MARKETING_VERSION = 1.0;
				PRODUCT_BUNDLE_IDENTIFIER = berkayIdentifier.TodoList;
				PRODUCT_NAME = "$(TARGET_NAME)";
				SDKROOT = auto;
				SUPPORTED_PLATFORMS = "iphoneos iphonesimulator macosx";
				SWIFT_EMIT_LOC_STRINGS = YES;
				SWIFT_VERSION = 5.0;
				TARGETED_DEVICE_FAMILY = "1,2";
			};
			name = Release;
		};
/* End XCBuildConfiguration section */

/* Begin XCConfigurationList section */
		A95E66F52A4255780027D467 /* Build configuration list for PBXProject "TodoList" */ = {
			isa = XCConfigurationList;
			buildConfigurations = (
				A95E67072A4255790027D467 /* Debug */,
				A95E67082A4255790027D467 /* Release */,
			);
			defaultConfigurationIsVisible = 0;
			defaultConfigurationName = Release;
		};
		A95E67092A4255790027D467 /* Build configuration list for PBXNativeTarget "TodoList" */ = {
			isa = XCConfigurationList;
			buildConfigurations = (
				A95E670A2A4255790027D467 /* Debug */,
				A95E670B2A4255790027D467 /* Release */,
			);
			defaultConfigurationIsVisible = 0;
			defaultConfigurationName = Release;
		};
/* End XCConfigurationList section */
	};
	rootObject = A95E66F22A4255780027D467 /* Project object */;
}
